{
    "_readme": [
        "This file locks the dependencies of your project to a known state",
        "Read more about it at https://getcomposer.org/doc/01-basic-usage.md#composer-lock-the-lock-file",
        "This file is @generated automatically"
    ],
    "hash": "23ae3b38989d10d03cc55a4a00a432ee",
    "content-hash": "bacefc45a90b9c85417884f2c30d006b",
    "packages": [
        {
            "name": "rafsalvioni/zeus-event",
            "version": "1.0.0",
            "source": {
                "type": "git",
                "url": "https://github.com/rafsalvioni/zeus-event.git",
                "reference": "243c0c4d73f2784836d0c1977d9d311e4e871ec8"
            },
            "dist": {
                "type": "zip",
                "url": "https://api.github.com/repos/rafsalvioni/zeus-event/zipball/243c0c4d73f2784836d0c1977d9d311e4e871ec8",
                "reference": "243c0c4d73f2784836d0c1977d9d311e4e871ec8",
                "shasum": ""
            },
            "require": {
                "php": ">=5.5 <6"
            },
            "require-dev": {
                "phpunit/phpunit": "5.3.0"
            },
            "type": "library",
            "autoload": {
                "psr-4": {
                    "Zeus\\Event\\": "src/"
                }
            },
            "notification-url": "https://packagist.org/downloads/",
            "license": [
                "BSD-3-Clause"
            ],
            "description": "provides a observer pattern api",
            "homepage": "https://github.com/rafsalvioni/zeus-event",
            "keywords": [
                "event",
                "zeus"
            ],
            "time": "2016-04-16 06:04:08"
        }
    ],
    "packages-dev": null,
    "aliases": [],
    "minimum-stability": "stable",
    "stability-flags": {
        "rafsalvioni/zeus-event": 20
    },
    "prefer-stable": false,
    "prefer-lowest": false,
    "platform": {
        "php": ">=5.5 <6"
    },
    "platform-dev": []
}
